
Microsoft Visual Studio Solution File, Format Version 12.00
# Visual Studio Version 16
VisualStudioVersion = 16.0.31515.178
MinimumVisualStudioVersion = 10.0.40219.1
Project("{9A19103F-16F7-4668-BE54-9A1E7A4F7556}") = "Patterns", "Patterns\Patterns.csproj", "{91B78251-6058-4705-B848-9D30EB0124A0}"
EndProject
Project("{9A19103F-16F7-4668-BE54-9A1E7A4F7556}") = "Consumer", "Consumer\Consumer.csproj", "{E768D965-FED4-4D35-B6C8-C0237178D6FD}"
EndProject
Project("{2150E333-8FDC-42A3-9474-1A3956D46DE8}") = "Solution Items", "Solution Items", "{A567F9E4-448E-4DE3-8907-B0DBDBE04EF2}"
	ProjectSection(SolutionItems) = preProject
		FinalConclusion.txt = FinalConclusion.txt
		ReadMe.txt = ReadMe.txt
	EndProjectSection
EndProject
Global
	GlobalSection(SolutionConfigurationPlatforms) = preSolution
		Debug|Any CPU = Debug|Any CPU
		Release|Any CPU = Release|Any CPU
	EndGlobalSection
	GlobalSection(ProjectConfigurationPlatforms) = postSolution
		{91B78251-6058-4705-B848-9D30EB0124A0}.Debug|Any CPU.ActiveCfg = Debug|Any CPU
		{91B78251-6058-4705-B848-9D30EB0124A0}.Debug|Any CPU.Build.0 = Debug|Any CPU
		{91B78251-6058-4705-B848-9D30EB0124A0}.Release|Any CPU.ActiveCfg = Release|Any CPU
		{91B78251-6058-4705-B848-9D30EB0124A0}.Release|Any CPU.Build.0 = Release|Any CPU
		{E768D965-FED4-4D35-B6C8-C0237178D6FD}.Debug|Any CPU.ActiveCfg = Debug|Any CPU
		{E768D965-FED4-4D35-B6C8-C0237178D6FD}.Debug|Any CPU.Build.0 = Debug|Any CPU
		{E768D965-FED4-4D35-B6C8-C0237178D6FD}.Release|Any CPU.ActiveCfg = Release|Any CPU
		{E768D965-FED4-4D35-B6C8-C0237178D6FD}.Release|Any CPU.Build.0 = Release|Any CPU
	EndGlobalSection
	GlobalSection(SolutionProperties) = preSolution
		HideSolutionNode = FALSE
	EndGlobalSection
	GlobalSection(ExtensibilityGlobals) = postSolution
		SolutionGuid = {72DD6C24-F3A1-44E1-B60F-789E0723F1C3}
	EndGlobalSection
EndGlobal
